
Microsoft Visual Studio Solution File, Format Version 12.00
Project("{FAE04EC0-301F-11D3-BF4B-00C04F79EFBC}") = "RainbowAvatarBot", "RainbowAvatarBot\RainbowAvatarBot.csproj", "{9F6D2F2E-33DE-463E-9268-6CE7CA36904F}"
EndProject
Global
	GlobalSection(SolutionConfigurationPlatforms) = preSolution
		Debug|Any CPU = Debug|Any CPU
		Release|Any CPU = Release|Any CPU
	EndGlobalSection
	GlobalSection(ProjectConfigurationPlatforms) = postSolution
		{9F6D2F2E-33DE-463E-9268-6CE7CA36904F}.Debug|Any CPU.ActiveCfg = Debug|Any CPU
		{9F6D2F2E-33DE-463E-9268-6CE7CA36904F}.Debug|Any CPU.Build.0 = Debug|Any CPU
		{9F6D2F2E-33DE-463E-9268-6CE7CA36904F}.Release|Any CPU.ActiveCfg = Release|Any CPU
		{9F6D2F2E-33DE-463E-9268-6CE7CA36904F}.Release|Any CPU.Build.0 = Release|Any CPU
	EndGlobalSection
EndGlobal
